// !$*UTF8*$!
{
	archiveVersion = 1;
	classes = {
	};
	objectVersion = 50;
	objects = {

/* Begin PBXBuildFile section */
		626C36AF2308DB7500B2C8E2 /* URLSessionMock.swift in Sources */ = {isa = PBXBuildFile; fileRef = 62F996952308CDF5008C7DF8 /* URLSessionMock.swift */; };
		626C36B02308DB7900B2C8E2 /* URLSessionDataTaskMock.swift in Sources */ = {isa = PBXBuildFile; fileRef = 62F996932308CDCF008C7DF8 /* URLSessionDataTaskMock.swift */; };
		626C36B12308DB7C00B2C8E2 /* MockResults.json in Resources */ = {isa = PBXBuildFile; fileRef = 62F996822307928E008C7DF8 /* MockResults.json */; };
		626C36B32308E71500B2C8E2 /* ReposViewModelTests.swift in Sources */ = {isa = PBXBuildFile; fileRef = 626C36B22308E71500B2C8E2 /* ReposViewModelTests.swift */; };
		626C36B62308F5EC00B2C8E2 /* UIImageView+Cache.swift in Sources */ = {isa = PBXBuildFile; fileRef = 626C36B52308F5EC00B2C8E2 /* UIImageView+Cache.swift */; };
		626C36C72308F9E800B2C8E2 /* Main.storyboard in Resources */ = {isa = PBXBuildFile; fileRef = 626C36C62308F9E800B2C8E2 /* Main.storyboard */; };
		626C36C9230901BF00B2C8E2 /* ReposViewController.swift in Sources */ = {isa = PBXBuildFile; fileRef = 626C36C8230901BF00B2C8E2 /* ReposViewController.swift */; };
		626C36CB2309051300B2C8E2 /* ListCell.swift in Sources */ = {isa = PBXBuildFile; fileRef = 626C36CA2309051300B2C8E2 /* ListCell.swift */; };
		626C36CE23091DC400B2C8E2 /* ReposListSearchDelegate.swift in Sources */ = {isa = PBXBuildFile; fileRef = 626C36CD23091DC400B2C8E2 /* ReposListSearchDelegate.swift */; };
		626C36D023091DD600B2C8E2 /* ReposListTableDelegate.swift in Sources */ = {isa = PBXBuildFile; fileRef = 626C36CF23091DD600B2C8E2 /* ReposListTableDelegate.swift */; };
		626C36FE230A967300B2C8E2 /* ThumbImageView.swift in Sources */ = {isa = PBXBuildFile; fileRef = 626C36FD230A967300B2C8E2 /* ThumbImageView.swift */; };
		626C3700230AA67C00B2C8E2 /* RepoDetailViewController.swift in Sources */ = {isa = PBXBuildFile; fileRef = 626C36FF230AA67C00B2C8E2 /* RepoDetailViewController.swift */; };
		626C3702230AA6AA00B2C8E2 /* AuthorViewController.swift in Sources */ = {isa = PBXBuildFile; fileRef = 626C3701230AA6AA00B2C8E2 /* AuthorViewController.swift */; };
		626C3704230AAE0A00B2C8E2 /* ReposListThumbTapDelegate.swift in Sources */ = {isa = PBXBuildFile; fileRef = 626C3703230AAE0A00B2C8E2 /* ReposListThumbTapDelegate.swift */; };
		626C3708230C486F00B2C8E2 /* AnimatorController.swift in Sources */ = {isa = PBXBuildFile; fileRef = 626C3707230C486F00B2C8E2 /* AnimatorController.swift */; };
		626C370A230C4C0600B2C8E2 /* ReposListTransitionDelegate.swift in Sources */ = {isa = PBXBuildFile; fileRef = 626C3709230C4C0600B2C8E2 /* ReposListTransitionDelegate.swift */; };
		626C370C230C5F0500B2C8E2 /* ReposListImageTransitionDelegate.swift in Sources */ = {isa = PBXBuildFile; fileRef = 626C370B230C5F0500B2C8E2 /* ReposListImageTransitionDelegate.swift */; };
		626C370E230C636200B2C8E2 /* AuthorImageTransitionDelegate.swift in Sources */ = {isa = PBXBuildFile; fileRef = 626C370D230C636200B2C8E2 /* AuthorImageTransitionDelegate.swift */; };
		62F9962B2306DBF7008C7DF8 /* AppDelegate.swift in Sources */ = {isa = PBXBuildFile; fileRef = 62F9962A2306DBF7008C7DF8 /* AppDelegate.swift */; };
		62F996322306DBF9008C7DF8 /* Assets.xcassets in Resources */ = {isa = PBXBuildFile; fileRef = 62F996312306DBF9008C7DF8 /* Assets.xcassets */; };
		62F996352306DBF9008C7DF8 /* LaunchScreen.storyboard in Resources */ = {isa = PBXBuildFile; fileRef = 62F996332306DBF9008C7DF8 /* LaunchScreen.storyboard */; };
		62F996742307049E008C7DF8 /* API.swift in Sources */ = {isa = PBXBuildFile; fileRef = 62F996732307049E008C7DF8 /* API.swift */; };
		62F99676230704C5008C7DF8 /* EndPoint.swift in Sources */ = {isa = PBXBuildFile; fileRef = 62F99675230704C5008C7DF8 /* EndPoint.swift */; };
		62F99678230704E4008C7DF8 /* HTTPMethod.swift in Sources */ = {isa = PBXBuildFile; fileRef = 62F99677230704E3008C7DF8 /* HTTPMethod.swift */; };
		62F9967C230706B2008C7DF8 /* GitHubAPI.swift in Sources */ = {isa = PBXBuildFile; fileRef = 62F9967B230706B2008C7DF8 /* GitHubAPI.swift */; };
		62F9967F23070900008C7DF8 /* APITests.swift in Sources */ = {isa = PBXBuildFile; fileRef = 62F9967E23070900008C7DF8 /* APITests.swift */; };
		62F9968123078DF6008C7DF8 /* Repositories.swift in Sources */ = {isa = PBXBuildFile; fileRef = 62F9968023078DF6008C7DF8 /* Repositories.swift */; };
		62F9968C2308154E008C7DF8 /* ReposViewModel.swift in Sources */ = {isa = PBXBuildFile; fileRef = 62F9968B2308154E008C7DF8 /* ReposViewModel.swift */; };
		62F9968E2308159B008C7DF8 /* RepoViewModel.swift in Sources */ = {isa = PBXBuildFile; fileRef = 62F9968D2308159B008C7DF8 /* RepoViewModel.swift */; };
		62F99692230824BB008C7DF8 /* RepoViewModelTests.swift in Sources */ = {isa = PBXBuildFile; fileRef = 62F99691230824BB008C7DF8 /* RepoViewModelTests.swift */; };
/* End PBXBuildFile section */

/* Begin PBXContainerItemProxy section */
		62F9963C2306DBFA008C7DF8 /* PBXContainerItemProxy */ = {
			isa = PBXContainerItemProxy;
			containerPortal = 62F9961F2306DBF6008C7DF8 /* Project object */;
			proxyType = 1;
			remoteGlobalIDString = 62F996262306DBF6008C7DF8;
			remoteInfo = JTGitSearch;
		};
/* End PBXContainerItemProxy section */

/* Begin PBXFileReference section */
		626C36B22308E71500B2C8E2 /* ReposViewModelTests.swift */ = {isa = PBXFileReference; lastKnownFileType = sourcecode.swift; path = ReposViewModelTests.swift; sourceTree = "<group>"; };
		626C36B52308F5EC00B2C8E2 /* UIImageView+Cache.swift */ = {isa = PBXFileReference; lastKnownFileType = sourcecode.swift; path = "UIImageView+Cache.swift"; sourceTree = "<group>"; };
		626C36C62308F9E800B2C8E2 /* Main.storyboard */ = {isa = PBXFileReference; lastKnownFileType = file.storyboard; path = Main.storyboard; sourceTree = "<group>"; };
		626C36C8230901BF00B2C8E2 /* ReposViewController.swift */ = {isa = PBXFileReference; lastKnownFileType = sourcecode.swift; path = ReposViewController.swift; sourceTree = "<group>"; };
		626C36CA2309051300B2C8E2 /* ListCell.swift */ = {isa = PBXFileReference; lastKnownFileType = sourcecode.swift; path = ListCell.swift; sourceTree = "<group>"; };
		626C36CD23091DC400B2C8E2 /* ReposListSearchDelegate.swift */ = {isa = PBXFileReference; lastKnownFileType = sourcecode.swift; path = ReposListSearchDelegate.swift; sourceTree = "<group>"; };
		626C36CF23091DD600B2C8E2 /* ReposListTableDelegate.swift */ = {isa = PBXFileReference; lastKnownFileType = sourcecode.swift; path = ReposListTableDelegate.swift; sourceTree = "<group>"; };
		626C36FD230A967300B2C8E2 /* ThumbImageView.swift */ = {isa = PBXFileReference; lastKnownFileType = sourcecode.swift; path = ThumbImageView.swift; sourceTree = "<group>"; };
		626C36FF230AA67C00B2C8E2 /* RepoDetailViewController.swift */ = {isa = PBXFileReference; lastKnownFileType = sourcecode.swift; path = RepoDetailViewController.swift; sourceTree = "<group>"; };
		626C3701230AA6AA00B2C8E2 /* AuthorViewController.swift */ = {isa = PBXFileReference; lastKnownFileType = sourcecode.swift; path = AuthorViewController.swift; sourceTree = "<group>"; };
		626C3703230AAE0A00B2C8E2 /* ReposListThumbTapDelegate.swift */ = {isa = PBXFileReference; lastKnownFileType = sourcecode.swift; path = ReposListThumbTapDelegate.swift; sourceTree = "<group>"; };
		626C3707230C486F00B2C8E2 /* AnimatorController.swift */ = {isa = PBXFileReference; lastKnownFileType = sourcecode.swift; path = AnimatorController.swift; sourceTree = "<group>"; };
		626C3709230C4C0600B2C8E2 /* ReposListTransitionDelegate.swift */ = {isa = PBXFileReference; lastKnownFileType = sourcecode.swift; path = ReposListTransitionDelegate.swift; sourceTree = "<group>"; };
		626C370B230C5F0500B2C8E2 /* ReposListImageTransitionDelegate.swift */ = {isa = PBXFileReference; lastKnownFileType = sourcecode.swift; path = ReposListImageTransitionDelegate.swift; sourceTree = "<group>"; };
		626C370D230C636200B2C8E2 /* AuthorImageTransitionDelegate.swift */ = {isa = PBXFileReference; lastKnownFileType = sourcecode.swift; path = AuthorImageTransitionDelegate.swift; sourceTree = "<group>"; };
		62F996272306DBF6008C7DF8 /* JTGitSearch.app */ = {isa = PBXFileReference; explicitFileType = wrapper.application; includeInIndex = 0; path = JTGitSearch.app; sourceTree = BUILT_PRODUCTS_DIR; };
		62F9962A2306DBF7008C7DF8 /* AppDelegate.swift */ = {isa = PBXFileReference; lastKnownFileType = sourcecode.swift; path = AppDelegate.swift; sourceTree = "<group>"; };
		62F996312306DBF9008C7DF8 /* Assets.xcassets */ = {isa = PBXFileReference; lastKnownFileType = folder.assetcatalog; path = Assets.xcassets; sourceTree = "<group>"; };
		62F996342306DBF9008C7DF8 /* Base */ = {isa = PBXFileReference; lastKnownFileType = file.storyboard; name = Base; path = Base.lproj/LaunchScreen.storyboard; sourceTree = "<group>"; };
		62F996362306DBF9008C7DF8 /* Info.plist */ = {isa = PBXFileReference; lastKnownFileType = text.plist.xml; path = Info.plist; sourceTree = "<group>"; };
		62F9963B2306DBFA008C7DF8 /* JTGitSearchTests.xctest */ = {isa = PBXFileReference; explicitFileType = wrapper.cfbundle; includeInIndex = 0; path = JTGitSearchTests.xctest; sourceTree = BUILT_PRODUCTS_DIR; };
		62F996412306DBFA008C7DF8 /* Info.plist */ = {isa = PBXFileReference; lastKnownFileType = text.plist.xml; path = Info.plist; sourceTree = "<group>"; };
		62F996732307049E008C7DF8 /* API.swift */ = {isa = PBXFileReference; lastKnownFileType = sourcecode.swift; path = API.swift; sourceTree = "<group>"; };
		62F99675230704C5008C7DF8 /* EndPoint.swift */ = {isa = PBXFileReference; lastKnownFileType = sourcecode.swift; path = EndPoint.swift; sourceTree = "<group>"; };
		62F99677230704E3008C7DF8 /* HTTPMethod.swift */ = {isa = PBXFileReference; lastKnownFileType = sourcecode.swift; path = HTTPMethod.swift; sourceTree = "<group>"; };
		62F9967B230706B2008C7DF8 /* GitHubAPI.swift */ = {isa = PBXFileReference; lastKnownFileType = sourcecode.swift; path = GitHubAPI.swift; sourceTree = "<group>"; };
		62F9967E23070900008C7DF8 /* APITests.swift */ = {isa = PBXFileReference; lastKnownFileType = sourcecode.swift; path = APITests.swift; sourceTree = "<group>"; };
		62F9968023078DF6008C7DF8 /* Repositories.swift */ = {isa = PBXFileReference; lastKnownFileType = sourcecode.swift; path = Repositories.swift; sourceTree = "<group>"; };
		62F996822307928E008C7DF8 /* MockResults.json */ = {isa = PBXFileReference; lastKnownFileType = text.json; path = MockResults.json; sourceTree = "<group>"; };
		62F9968B2308154E008C7DF8 /* ReposViewModel.swift */ = {isa = PBXFileReference; lastKnownFileType = sourcecode.swift; path = ReposViewModel.swift; sourceTree = "<group>"; };
		62F9968D2308159B008C7DF8 /* RepoViewModel.swift */ = {isa = PBXFileReference; lastKnownFileType = sourcecode.swift; path = RepoViewModel.swift; sourceTree = "<group>"; };
		62F99691230824BB008C7DF8 /* RepoViewModelTests.swift */ = {isa = PBXFileReference; lastKnownFileType = sourcecode.swift; path = RepoViewModelTests.swift; sourceTree = "<group>"; };
		62F996932308CDCF008C7DF8 /* URLSessionDataTaskMock.swift */ = {isa = PBXFileReference; lastKnownFileType = sourcecode.swift; path = URLSessionDataTaskMock.swift; sourceTree = "<group>"; };
		62F996952308CDF5008C7DF8 /* URLSessionMock.swift */ = {isa = PBXFileReference; lastKnownFileType = sourcecode.swift; path = URLSessionMock.swift; sourceTree = "<group>"; };
/* End PBXFileReference section */

/* Begin PBXFrameworksBuildPhase section */
		62F996242306DBF6008C7DF8 /* Frameworks */ = {
			isa = PBXFrameworksBuildPhase;
			buildActionMask = 2147483647;
			files = (
			);
			runOnlyForDeploymentPostprocessing = 0;
		};
		62F996382306DBFA008C7DF8 /* Frameworks */ = {
			isa = PBXFrameworksBuildPhase;
			buildActionMask = 2147483647;
			files = (
			);
			runOnlyForDeploymentPostprocessing = 0;
		};
/* End PBXFrameworksBuildPhase section */

/* Begin PBXGroup section */
		626C36B42308F5AF00B2C8E2 /* Helpers */ = {
			isa = PBXGroup;
			children = (
				626C36B52308F5EC00B2C8E2 /* UIImageView+Cache.swift */,
			);
			path = Helpers;
			sourceTree = "<group>";
		};
		626C36CC23091D9E00B2C8E2 /* ReposExtensions */ = {
			isa = PBXGroup;
			children = (
				626C36CD23091DC400B2C8E2 /* ReposListSearchDelegate.swift */,
				626C36CF23091DD600B2C8E2 /* ReposListTableDelegate.swift */,
				626C3703230AAE0A00B2C8E2 /* ReposListThumbTapDelegate.swift */,
				626C3709230C4C0600B2C8E2 /* ReposListTransitionDelegate.swift */,
				626C370B230C5F0500B2C8E2 /* ReposListImageTransitionDelegate.swift */,
			);
			path = ReposExtensions;
			sourceTree = "<group>";
		};
		626C3705230C455800B2C8E2 /* ReposViews */ = {
			isa = PBXGroup;
			children = (
				626C36CA2309051300B2C8E2 /* ListCell.swift */,
				626C36FD230A967300B2C8E2 /* ThumbImageView.swift */,
			);
			path = ReposViews;
			sourceTree = "<group>";
		};
		626C3706230C485300B2C8E2 /* Animation */ = {
			isa = PBXGroup;
			children = (
				626C3707230C486F00B2C8E2 /* AnimatorController.swift */,
			);
			path = Animation;
			sourceTree = "<group>";
		};
		626C370F230C63A500B2C8E2 /* AuthorExtensions */ = {
			isa = PBXGroup;
			children = (
				626C370D230C636200B2C8E2 /* AuthorImageTransitionDelegate.swift */,
			);
			path = AuthorExtensions;
			sourceTree = "<group>";
		};
		626C3710230C6FCD00B2C8E2 /* List */ = {
			isa = PBXGroup;
			children = (
				626C36C8230901BF00B2C8E2 /* ReposViewController.swift */,
				626C3705230C455800B2C8E2 /* ReposViews */,
				626C36CC23091D9E00B2C8E2 /* ReposExtensions */,
			);
			path = List;
			sourceTree = "<group>";
		};
		626C3711230C6FD400B2C8E2 /* Detail */ = {
			isa = PBXGroup;
			children = (
				626C36FF230AA67C00B2C8E2 /* RepoDetailViewController.swift */,
			);
			path = Detail;
			sourceTree = "<group>";
		};
		626C3712230C6FDB00B2C8E2 /* Author */ = {
			isa = PBXGroup;
			children = (
				626C3701230AA6AA00B2C8E2 /* AuthorViewController.swift */,
				626C370F230C63A500B2C8E2 /* AuthorExtensions */,
			);
			path = Author;
			sourceTree = "<group>";
		};
		62F9961E2306DBF6008C7DF8 = {
			isa = PBXGroup;
			children = (
				62F996292306DBF6008C7DF8 /* JTGitSearch */,
				62F9963E2306DBFA008C7DF8 /* JTGitSearchTests */,
				62F996282306DBF6008C7DF8 /* Products */,
			);
			sourceTree = "<group>";
		};
		62F996282306DBF6008C7DF8 /* Products */ = {
			isa = PBXGroup;
			children = (
				62F996272306DBF6008C7DF8 /* JTGitSearch.app */,
				62F9963B2306DBFA008C7DF8 /* JTGitSearchTests.xctest */,
			);
			name = Products;
			sourceTree = "<group>";
		};
		62F996292306DBF6008C7DF8 /* JTGitSearch */ = {
			isa = PBXGroup;
			children = (
				62F9964A2306EF3E008C7DF8 /* Application */,
				62F996512306EF97008C7DF8 /* Models */,
				62F9964F2306EF88008C7DF8 /* Views */,
				62F9964E2306EF7F008C7DF8 /* ViewModels */,
				626C36B42308F5AF00B2C8E2 /* Helpers */,
				62F9967123070432008C7DF8 /* Networking */,
				62F9964D2306EF77008C7DF8 /* Storyboards */,
				62F9964C2306EF70008C7DF8 /* Mock */,
				62F9964B2306EF4F008C7DF8 /* Resources */,
				62F996362306DBF9008C7DF8 /* Info.plist */,
			);
			path = JTGitSearch;
			sourceTree = "<group>";
		};
		62F9963E2306DBFA008C7DF8 /* JTGitSearchTests */ = {
			isa = PBXGroup;
			children = (
				626C36B22308E71500B2C8E2 /* ReposViewModelTests.swift */,
				62F99691230824BB008C7DF8 /* RepoViewModelTests.swift */,
				62F9967E23070900008C7DF8 /* APITests.swift */,
				62F996412306DBFA008C7DF8 /* Info.plist */,
			);
			path = JTGitSearchTests;
			sourceTree = "<group>";
		};
		62F9964A2306EF3E008C7DF8 /* Application */ = {
			isa = PBXGroup;
			children = (
				62F9962A2306DBF7008C7DF8 /* AppDelegate.swift */,
			);
			path = Application;
			sourceTree = "<group>";
		};
		62F9964B2306EF4F008C7DF8 /* Resources */ = {
			isa = PBXGroup;
			children = (
				62F996312306DBF9008C7DF8 /* Assets.xcassets */,
			);
			path = Resources;
			sourceTree = "<group>";
		};
		62F9964C2306EF70008C7DF8 /* Mock */ = {
			isa = PBXGroup;
			children = (
				62F996822307928E008C7DF8 /* MockResults.json */,
				62F996932308CDCF008C7DF8 /* URLSessionDataTaskMock.swift */,
				62F996952308CDF5008C7DF8 /* URLSessionMock.swift */,
			);
			path = Mock;
			sourceTree = "<group>";
		};
		62F9964D2306EF77008C7DF8 /* Storyboards */ = {
			isa = PBXGroup;
			children = (
				626C36C62308F9E800B2C8E2 /* Main.storyboard */,
				62F996332306DBF9008C7DF8 /* LaunchScreen.storyboard */,
			);
			path = Storyboards;
			sourceTree = "<group>";
		};
		62F9964E2306EF7F008C7DF8 /* ViewModels */ = {
			isa = PBXGroup;
			children = (
				62F9968B2308154E008C7DF8 /* ReposViewModel.swift */,
				62F9968D2308159B008C7DF8 /* RepoViewModel.swift */,
			);
			path = ViewModels;
			sourceTree = "<group>";
		};
		62F9964F2306EF88008C7DF8 /* Views */ = {
			isa = PBXGroup;
			children = (
				626C3710230C6FCD00B2C8E2 /* List */,
				626C3711230C6FD400B2C8E2 /* Detail */,
				626C3712230C6FDB00B2C8E2 /* Author */,
				626C3706230C485300B2C8E2 /* Animation */,
			);
			path = Views;
			sourceTree = "<group>";
		};
		62F996512306EF97008C7DF8 /* Models */ = {
			isa = PBXGroup;
			children = (
				62F9968023078DF6008C7DF8 /* Repositories.swift */,
			);
			path = Models;
			sourceTree = "<group>";
		};
		62F9967123070432008C7DF8 /* Networking */ = {
			isa = PBXGroup;
			children = (
				62F9967D230706E5008C7DF8 /* Service */,
				62F9967B230706B2008C7DF8 /* GitHubAPI.swift */,
			);
			path = Networking;
			sourceTree = "<group>";
		};
		62F9967D230706E5008C7DF8 /* Service */ = {
			isa = PBXGroup;
			children = (
				62F996732307049E008C7DF8 /* API.swift */,
				62F99675230704C5008C7DF8 /* EndPoint.swift */,
				62F99677230704E3008C7DF8 /* HTTPMethod.swift */,
			);
			path = Service;
			sourceTree = "<group>";
		};
/* End PBXGroup section */

/* Begin PBXNativeTarget section */
		62F996262306DBF6008C7DF8 /* JTGitSearch */ = {
			isa = PBXNativeTarget;
			buildConfigurationList = 62F996442306DBFA008C7DF8 /* Build configuration list for PBXNativeTarget "JTGitSearch" */;
			buildPhases = (
				62F996232306DBF6008C7DF8 /* Sources */,
				62F996242306DBF6008C7DF8 /* Frameworks */,
				62F996252306DBF6008C7DF8 /* Resources */,
			);
			buildRules = (
			);
			dependencies = (
			);
			name = JTGitSearch;
			productName = JTGitSearch;
			productReference = 62F996272306DBF6008C7DF8 /* JTGitSearch.app */;
			productType = "com.apple.product-type.application";
		};
		62F9963A2306DBFA008C7DF8 /* JTGitSearchTests */ = {
			isa = PBXNativeTarget;
			buildConfigurationList = 62F996472306DBFA008C7DF8 /* Build configuration list for PBXNativeTarget "JTGitSearchTests" */;
			buildPhases = (
				62F996372306DBFA008C7DF8 /* Sources */,
				62F996382306DBFA008C7DF8 /* Frameworks */,
				62F996392306DBFA008C7DF8 /* Resources */,
			);
			buildRules = (
			);
			dependencies = (
				62F9963D2306DBFA008C7DF8 /* PBXTargetDependency */,
			);
			name = JTGitSearchTests;
			productName = JTGitSearchTests;
			productReference = 62F9963B2306DBFA008C7DF8 /* JTGitSearchTests.xctest */;
			productType = "com.apple.product-type.bundle.unit-test";
		};
/* End PBXNativeTarget section */

/* Begin PBXProject section */
		62F9961F2306DBF6008C7DF8 /* Project object */ = {
			isa = PBXProject;
			attributes = {
				LastSwiftUpdateCheck = 1030;
				LastUpgradeCheck = 1030;
				ORGANIZATIONNAME = "Jeff Tabios";
				TargetAttributes = {
					62F996262306DBF6008C7DF8 = {
						CreatedOnToolsVersion = 10.3;
					};
					62F9963A2306DBFA008C7DF8 = {
						CreatedOnToolsVersion = 10.3;
						LastSwiftMigration = 1030;
						TestTargetID = 62F996262306DBF6008C7DF8;
					};
				};
			};
			buildConfigurationList = 62F996222306DBF6008C7DF8 /* Build configuration list for PBXProject "JTGitSearch" */;
			compatibilityVersion = "Xcode 9.3";
			developmentRegion = en;
			hasScannedForEncodings = 0;
			knownRegions = (
				en,
				Base,
			);
			mainGroup = 62F9961E2306DBF6008C7DF8;
			productRefGroup = 62F996282306DBF6008C7DF8 /* Products */;
			projectDirPath = "";
			projectRoot = "";
			targets = (
				62F996262306DBF6008C7DF8 /* JTGitSearch */,
				62F9963A2306DBFA008C7DF8 /* JTGitSearchTests */,
			);
		};
/* End PBXProject section */

/* Begin PBXResourcesBuildPhase section */
		62F996252306DBF6008C7DF8 /* Resources */ = {
			isa = PBXResourcesBuildPhase;
			buildActionMask = 2147483647;
			files = (
				62F996352306DBF9008C7DF8 /* LaunchScreen.storyboard in Resources */,
				62F996322306DBF9008C7DF8 /* Assets.xcassets in Resources */,
				626C36B12308DB7C00B2C8E2 /* MockResults.json in Resources */,
				626C36C72308F9E800B2C8E2 /* Main.storyboard in Resources */,
			);
			runOnlyForDeploymentPostprocessing = 0;
		};
		62F996392306DBFA008C7DF8 /* Resources */ = {
			isa = PBXResourcesBuildPhase;
			buildActionMask = 2147483647;
			files = (
			);
			runOnlyForDeploymentPostprocessing = 0;
		};
/* End PBXResourcesBuildPhase section */

/* Begin PBXSourcesBuildPhase section */
		62F996232306DBF6008C7DF8 /* Sources */ = {
			isa = PBXSourcesBuildPhase;
			buildActionMask = 2147483647;
			files = (
				626C370C230C5F0500B2C8E2 /* ReposListImageTransitionDelegate.swift in Sources */,
				626C36C9230901BF00B2C8E2 /* ReposViewController.swift in Sources */,
				626C370E230C636200B2C8E2 /* AuthorImageTransitionDelegate.swift in Sources */,
				626C36AF2308DB7500B2C8E2 /* URLSessionMock.swift in Sources */,
				626C3708230C486F00B2C8E2 /* AnimatorController.swift in Sources */,
				626C36B02308DB7900B2C8E2 /* URLSessionDataTaskMock.swift in Sources */,
				626C370A230C4C0600B2C8E2 /* ReposListTransitionDelegate.swift in Sources */,
				62F9968E2308159B008C7DF8 /* RepoViewModel.swift in Sources */,
				62F996742307049E008C7DF8 /* API.swift in Sources */,
				626C36CB2309051300B2C8E2 /* ListCell.swift in Sources */,
				626C36B62308F5EC00B2C8E2 /* UIImageView+Cache.swift in Sources */,
				62F99676230704C5008C7DF8 /* EndPoint.swift in Sources */,
				62F99678230704E4008C7DF8 /* HTTPMethod.swift in Sources */,
				62F9968C2308154E008C7DF8 /* ReposViewModel.swift in Sources */,
				62F9968123078DF6008C7DF8 /* Repositories.swift in Sources */,
				62F9967C230706B2008C7DF8 /* GitHubAPI.swift in Sources */,
				626C3700230AA67C00B2C8E2 /* RepoDetailViewController.swift in Sources */,
				626C36D023091DD600B2C8E2 /* ReposListTableDelegate.swift in Sources */,
				626C36FE230A967300B2C8E2 /* ThumbImageView.swift in Sources */,
				626C3702230AA6AA00B2C8E2 /* AuthorViewController.swift in Sources */,
				626C36CE23091DC400B2C8E2 /* ReposListSearchDelegate.swift in Sources */,
				62F9962B2306DBF7008C7DF8 /* AppDelegate.swift in Sources */,
				626C3704230AAE0A00B2C8E2 /* ReposListThumbTapDelegate.swift in Sources */,
			);
			runOnlyForDeploymentPostprocessing = 0;
		};
		62F996372306DBFA008C7DF8 /* Sources */ = {
			isa = PBXSourcesBuildPhase;
			buildActionMask = 2147483647;
			files = (
				626C36B32308E71500B2C8E2 /* ReposViewModelTests.swift in Sources */,
				62F99692230824BB008C7DF8 /* RepoViewModelTests.swift in Sources */,
				62F9967F23070900008C7DF8 /* APITests.swift in Sources */,
			);
			runOnlyForDeploymentPostprocessing = 0;
		};
/* End PBXSourcesBuildPhase section */

/* Begin PBXTargetDependency section */
		62F9963D2306DBFA008C7DF8 /* PBXTargetDependency */ = {
			isa = PBXTargetDependency;
			target = 62F996262306DBF6008C7DF8 /* JTGitSearch */;
			targetProxy = 62F9963C2306DBFA008C7DF8 /* PBXContainerItemProxy */;
		};
/* End PBXTargetDependency section */

/* Begin PBXVariantGroup section */
		62F996332306DBF9008C7DF8 /* LaunchScreen.storyboard */ = {
			isa = PBXVariantGroup;
			children = (
				62F996342306DBF9008C7DF8 /* Base */,
			);
			name = LaunchScreen.storyboard;
			sourceTree = "<group>";
		};
/* End PBXVariantGroup section */

/* Begin XCBuildConfiguration section */
		62F996422306DBFA008C7DF8 /* Debug */ = {
			isa = XCBuildConfiguration;
			buildSettings = {
				ALWAYS_SEARCH_USER_PATHS = NO;
				CLANG_ANALYZER_NONNULL = YES;
				CLANG_ANALYZER_NUMBER_OBJECT_CONVERSION = YES_AGGRESSIVE;
				CLANG_CXX_LANGUAGE_STANDARD = "gnu++14";
				CLANG_CXX_LIBRARY = "libc++";
				CLANG_ENABLE_MODULES = YES;
				CLANG_ENABLE_OBJC_ARC = YES;
				CLANG_ENABLE_OBJC_WEAK = YES;
				CLANG_WARN_BLOCK_CAPTURE_AUTORELEASING = YES;
				CLANG_WARN_BOOL_CONVERSION = YES;
				CLANG_WARN_COMMA = YES;
				CLANG_WARN_CONSTANT_CONVERSION = YES;
				CLANG_WARN_DEPRECATED_OBJC_IMPLEMENTATIONS = YES;
				CLANG_WARN_DIRECT_OBJC_ISA_USAGE = YES_ERROR;
				CLANG_WARN_DOCUMENTATION_COMMENTS = YES;
				CLANG_WARN_EMPTY_BODY = YES;
				CLANG_WARN_ENUM_CONVERSION = YES;
				CLANG_WARN_INFINITE_RECURSION = YES;
				CLANG_WARN_INT_CONVERSION = YES;
				CLANG_WARN_NON_LITERAL_NULL_CONVERSION = YES;
				CLANG_WARN_OBJC_IMPLICIT_RETAIN_SELF = YES;
				CLANG_WARN_OBJC_LITERAL_CONVERSION = YES;
				CLANG_WARN_OBJC_ROOT_CLASS = YES_ERROR;
				CLANG_WARN_RANGE_LOOP_ANALYSIS = YES;
				CLANG_WARN_STRICT_PROTOTYPES = YES;
				CLANG_WARN_SUSPICIOUS_MOVE = YES;
				CLANG_WARN_UNGUARDED_AVAILABILITY = YES_AGGRESSIVE;
				CLANG_WARN_UNREACHABLE_CODE = YES;
				CLANG_WARN__DUPLICATE_METHOD_MATCH = YES;
				CODE_SIGN_IDENTITY = "iPhone Developer";
				COPY_PHASE_STRIP = NO;
				DEBUG_INFORMATION_FORMAT = dwarf;
				ENABLE_STRICT_OBJC_MSGSEND = YES;
				ENABLE_TESTABILITY = YES;
				GCC_C_LANGUAGE_STANDARD = gnu11;
				GCC_DYNAMIC_NO_PIC = NO;
				GCC_NO_COMMON_BLOCKS = YES;
				GCC_OPTIMIZATION_LEVEL = 0;
				GCC_PREPROCESSOR_DEFINITIONS = (
					"DEBUG=1",
					"$(inherited)",
				);
				GCC_WARN_64_TO_32_BIT_CONVERSION = YES;
				GCC_WARN_ABOUT_RETURN_TYPE = YES_ERROR;
				GCC_WARN_UNDECLARED_SELECTOR = YES;
				GCC_WARN_UNINITIALIZED_AUTOS = YES_AGGRESSIVE;
				GCC_WARN_UNUSED_FUNCTION = YES;
				GCC_WARN_UNUSED_VARIABLE = YES;
				IPHONEOS_DEPLOYMENT_TARGET = 12.4;
				MTL_ENABLE_DEBUG_INFO = INCLUDE_SOURCE;
				MTL_FAST_MATH = YES;
				ONLY_ACTIVE_ARCH = YES;
				SDKROOT = iphoneos;
				SWIFT_ACTIVE_COMPILATION_CONDITIONS = DEBUG;
				SWIFT_OPTIMIZATION_LEVEL = "-Onone";
			};
			name = Debug;
		};
		62F996432306DBFA008C7DF8 /* Release */ = {
			isa = XCBuildConfiguration;
			buildSettings = {
				ALWAYS_SEARCH_USER_PATHS = NO;
				CLANG_ANALYZER_NONNULL = YES;
				CLANG_ANALYZER_NUMBER_OBJECT_CONVERSION = YES_AGGRESSIVE;
				CLANG_CXX_LANGUAGE_STANDARD = "gnu++14";
				CLANG_CXX_LIBRARY = "libc++";
				CLANG_ENABLE_MODULES = YES;
				CLANG_ENABLE_OBJC_ARC = YES;
				CLANG_ENABLE_OBJC_WEAK = YES;
				CLANG_WARN_BLOCK_CAPTURE_AUTORELEASING = YES;
				CLANG_WARN_BOOL_CONVERSION = YES;
				CLANG_WARN_COMMA = YES;
				CLANG_WARN_CONSTANT_CONVERSION = YES;
				CLANG_WARN_DEPRECATED_OBJC_IMPLEMENTATIONS = YES;
				CLANG_WARN_DIRECT_OBJC_ISA_USAGE = YES_ERROR;
				CLANG_WARN_DOCUMENTATION_COMMENTS = YES;
				CLANG_WARN_EMPTY_BODY = YES;
				CLANG_WARN_ENUM_CONVERSION = YES;
				CLANG_WARN_INFINITE_RECURSION = YES;
				CLANG_WARN_INT_CONVERSION = YES;
				CLANG_WARN_NON_LITERAL_NULL_CONVERSION = YES;
				CLANG_WARN_OBJC_IMPLICIT_RETAIN_SELF = YES;
				CLANG_WARN_OBJC_LITERAL_CONVERSION = YES;
				CLANG_WARN_OBJC_ROOT_CLASS = YES_ERROR;
				CLANG_WARN_RANGE_LOOP_ANALYSIS = YES;
				CLANG_WARN_STRICT_PROTOTYPES = YES;
				CLANG_WARN_SUSPICIOUS_MOVE = YES;
				CLANG_WARN_UNGUARDED_AVAILABILITY = YES_AGGRESSIVE;
				CLANG_WARN_UNREACHABLE_CODE = YES;
				CLANG_WARN__DUPLICATE_METHOD_MATCH = YES;
				CODE_SIGN_IDENTITY = "iPhone Developer";
				COPY_PHASE_STRIP = NO;
				DEBUG_INFORMATION_FORMAT = "dwarf-with-dsym";
				ENABLE_NS_ASSERTIONS = NO;
				ENABLE_STRICT_OBJC_MSGSEND = YES;
				GCC_C_LANGUAGE_STANDARD = gnu11;
				GCC_NO_COMMON_BLOCKS = YES;
				GCC_WARN_64_TO_32_BIT_CONVERSION = YES;
				GCC_WARN_ABOUT_RETURN_TYPE = YES_ERROR;
				GCC_WARN_UNDECLARED_SELECTOR = YES;
				GCC_WARN_UNINITIALIZED_AUTOS = YES_AGGRESSIVE;
				GCC_WARN_UNUSED_FUNCTION = YES;
				GCC_WARN_UNUSED_VARIABLE = YES;
				IPHONEOS_DEPLOYMENT_TARGET = 12.4;
				MTL_ENABLE_DEBUG_INFO = NO;
				MTL_FAST_MATH = YES;
				SDKROOT = iphoneos;
				SWIFT_COMPILATION_MODE = wholemodule;
				SWIFT_OPTIMIZATION_LEVEL = "-O";
				VALIDATE_PRODUCT = YES;
			};
			name = Release;
		};
		62F996452306DBFA008C7DF8 /* Debug */ = {
			isa = XCBuildConfiguration;
			buildSettings = {
				ASSETCATALOG_COMPILER_APPICON_NAME = AppIcon;
				CODE_SIGN_STYLE = Automatic;
				DEVELOPMENT_TEAM = N6U6W99XWV;
				INFOPLIST_FILE = JTGitSearch/Info.plist;
				LD_RUNPATH_SEARCH_PATHS = (
					"$(inherited)",
					"@executable_path/Frameworks",
				);
				PRODUCT_BUNDLE_IDENTIFIER = com.testorg.JTGitSearch;
				PRODUCT_NAME = "$(TARGET_NAME)";
				SWIFT_VERSION = 5.0;
				TARGETED_DEVICE_FAMILY = "1,2";
			};
			name = Debug;
		};
		62F996462306DBFA008C7DF8 /* Release */ = {
			isa = XCBuildConfiguration;
			buildSettings = {
				ASSETCATALOG_COMPILER_APPICON_NAME = AppIcon;
				CODE_SIGN_STYLE = Automatic;
				DEVELOPMENT_TEAM = N6U6W99XWV;
				INFOPLIST_FILE = JTGitSearch/Info.plist;
				LD_RUNPATH_SEARCH_PATHS = (
					"$(inherited)",
					"@executable_path/Frameworks",
				);
				PRODUCT_BUNDLE_IDENTIFIER = com.testorg.JTGitSearch;
				PRODUCT_NAME = "$(TARGET_NAME)";
				SWIFT_VERSION = 5.0;
				TARGETED_DEVICE_FAMILY = "1,2";
			};
			name = Release;
		};
		62F996482306DBFA008C7DF8 /* Debug */ = {
			isa = XCBuildConfiguration;
			buildSettings = {
				ALWAYS_EMBED_SWIFT_STANDARD_LIBRARIES = YES;
				BUNDLE_LOADER = "$(TEST_HOST)";
				CLANG_ENABLE_MODULES = YES;
				CODE_SIGN_STYLE = Automatic;
				DEVELOPMENT_TEAM = N6U6W99XWV;
				INFOPLIST_FILE = JTGitSearchTests/Info.plist;
				LD_RUNPATH_SEARCH_PATHS = (
					"$(inherited)",
					"@executable_path/Frameworks",
					"@loader_path/Frameworks",
				);
				PRODUCT_BUNDLE_IDENTIFIER = com.testorg.JTGitSearchTests;
				PRODUCT_NAME = "$(TARGET_NAME)";
				SWIFT_OPTIMIZATION_LEVEL = "-Onone";
				SWIFT_VERSION = 5.0;
				TARGETED_DEVICE_FAMILY = "1,2";
				TEST_HOST = "$(BUILT_PRODUCTS_DIR)/JTGitSearch.app/JTGitSearch";
			};
			name = Debug;
		};
		62F996492306DBFA008C7DF8 /* Release */ = {
			isa = XCBuildConfiguration;
			buildSettings = {
				ALWAYS_EMBED_SWIFT_STANDARD_LIBRARIES = YES;
				BUNDLE_LOADER = "$(TEST_HOST)";
				CLANG_ENABLE_MODULES = YES;
				CODE_SIGN_STYLE = Automatic;
				DEVELOPMENT_TEAM = N6U6W99XWV;
				INFOPLIST_FILE = JTGitSearchTests/Info.plist;
				LD_RUNPATH_SEARCH_PATHS = (
					"$(inherited)",
					"@executable_path/Frameworks",
					"@loader_path/Frameworks",
				);
				PRODUCT_BUNDLE_IDENTIFIER = com.testorg.JTGitSearchTests;
				PRODUCT_NAME = "$(TARGET_NAME)";
				SWIFT_VERSION = 5.0;
				TARGETED_DEVICE_FAMILY = "1,2";
				TEST_HOST = "$(BUILT_PRODUCTS_DIR)/JTGitSearch.app/JTGitSearch";
			};
			name = Release;
		};
/* End XCBuildConfiguration section */

/* Begin XCConfigurationList section */
		62F996222306DBF6008C7DF8 /* Build configuration list for PBXProject "JTGitSearch" */ = {
			isa = XCConfigurationList;
			buildConfigurations = (
				62F996422306DBFA008C7DF8 /* Debug */,
				62F996432306DBFA008C7DF8 /* Release */,
			);
			defaultConfigurationIsVisible = 0;
			defaultConfigurationName = Release;
		};
		62F996442306DBFA008C7DF8 /* Build configuration list for PBXNativeTarget "JTGitSearch" */ = {
			isa = XCConfigurationList;
			buildConfigurations = (
				62F996452306DBFA008C7DF8 /* Debug */,
				62F996462306DBFA008C7DF8 /* Release */,
			);
			defaultConfigurationIsVisible = 0;
			defaultConfigurationName = Release;
		};
		62F996472306DBFA008C7DF8 /* Build configuration list for PBXNativeTarget "JTGitSearchTests" */ = {
			isa = XCConfigurationList;
			buildConfigurations = (
				62F996482306DBFA008C7DF8 /* Debug */,
				62F996492306DBFA008C7DF8 /* Release */,
			);
			defaultConfigurationIsVisible = 0;
			defaultConfigurationName = Release;
		};
/* End XCConfigurationList section */
	};
	rootObject = 62F9961F2306DBF6008C7DF8 /* Project object */;
}
